
Microsoft Visual Studio Solution File, Format Version 11.00
# Visual Studio 2010
Project("{FAE04EC0-301F-11D3-BF4B-00C04F79EFBC}") = "ICT309Game", "Game\Game\ICT309Game.csproj", "{BC438015-24FB-479A-A6C7-5E198D051068}"
EndProject
Project("{FAE04EC0-301F-11D3-BF4B-00C04F79EFBC}") = "ICT309GameContent", "Game\GameContent\ICT309GameContent.contentproj", "{AC58AC1D-B784-4322-B455-F8EC0A149786}"
EndProject
Global
	GlobalSection(SolutionConfigurationPlatforms) = preSolution
		Debug|x86 = Debug|x86
		Release|x86 = Release|x86
	EndGlobalSection
	GlobalSection(ProjectConfigurationPlatforms) = postSolution
		{BC438015-24FB-479A-A6C7-5E198D051068}.Debug|x86.ActiveCfg = Debug|x86
		{BC438015-24FB-479A-A6C7-5E198D051068}.Debug|x86.Build.0 = Debug|x86
		{BC438015-24FB-479A-A6C7-5E198D051068}.Release|x86.ActiveCfg = Release|x86
		{BC438015-24FB-479A-A6C7-5E198D051068}.Release|x86.Build.0 = Release|x86
		{AC58AC1D-B784-4322-B455-F8EC0A149786}.Debug|x86.ActiveCfg = Debug|x86
		{AC58AC1D-B784-4322-B455-F8EC0A149786}.Release|x86.ActiveCfg = Release|x86
	EndGlobalSection
	GlobalSection(SolutionProperties) = preSolution
		HideSolutionNode = FALSE
	EndGlobalSection
EndGlobal
